
Microsoft Visual Studio Solution File, Format Version 12.00
# Visual Studio Version 17
VisualStudioVersion = 17.11.35327.3
MinimumVisualStudioVersion = 10.0.40219.1
Project("{FAE04EC0-301F-11D3-BF4B-00C04F79EFBC}") = "Gym Project", "Gym Project.csproj", "{43B19934-6C0C-43CB-BDFA-02933DA60D4C}"
EndProject
Global
	GlobalSection(SolutionConfigurationPlatforms) = preSolution
		Debug|Any CPU = Debug|Any CPU
		Release|Any CPU = Release|Any CPU
	EndGlobalSection
	GlobalSection(ProjectConfigurationPlatforms) = postSolution
		{43B19934-6C0C-43CB-BDFA-02933DA60D4C}.Debug|Any CPU.ActiveCfg = Debug|Any CPU
		{43B19934-6C0C-43CB-BDFA-02933DA60D4C}.Debug|Any CPU.Build.0 = Debug|Any CPU
		{43B19934-6C0C-43CB-BDFA-02933DA60D4C}.Release|Any CPU.ActiveCfg = Release|Any CPU
		{43B19934-6C0C-43CB-BDFA-02933DA60D4C}.Release|Any CPU.Build.0 = Release|Any CPU
	EndGlobalSection
	GlobalSection(SolutionProperties) = preSolution
		HideSolutionNode = FALSE
	EndGlobalSection
	GlobalSection(ExtensibilityGlobals) = postSolution
		SolutionGuid = {E5A8599E-90C2-435E-9C47-12ADFB19554A}
	EndGlobalSection
EndGlobal
